# THIS IS AN AUTOGENERATED FILE. DO NOT EDIT THIS FILE DIRECTLY.
# yarn lockfile v1


"@supabase/auth-js@2.101.0":
  version "2.101.0"
  resolved "https://registry.yarnpkg.com/@supabase/auth-js/-/auth-js-2.101.0.tgz#48a72a529f7e35a668716fe06e8f721fe8b99f08"
  integrity sha512-00v22bzJ1LvLPQFZ8OKV5Qb1z2UkglyADQPh3PWcvUvHgAL86FdQrtMu6FewjU0CeROMpWQ4F/ExYhKKK45D0Q==
  dependencies:
    tslib "2.8.1"

"@supabase/functions-js@2.101.0":
  version "2.101.0"
  resolved "https://registry.yarnpkg.com/@supabase/functions-js/-/functions-js-2.101.0.tgz#f37cb7cf4aaf9defdc6f5f4b03cd84d0373b74bf"
  integrity sha512-oEdCj5GmIGQwjII1fcbb/+hvUF94ZQmeFmFRoToz5Gbf2T8KPTX4vtanUmED+ekTB9Tyfap1IXFUx7klQprIaw==
  dependencies:
    tslib "2.8.1"

"@supabase/phoenix@^0.4.0":
  version "0.4.0"
  resolved "https://registry.yarnpkg.com/@supabase/phoenix/-/phoenix-0.4.0.tgz#1a2d84658fbd34b6f33a22660efe7def38905d40"
  integrity sha512-RHSx8bHS02xwfHdAbX5Lpbo6PXbgyf7lTaXTlwtFDPwOIw64NnVRwFAXGojHhjtVYI+PEPNSWwkL90f4agN3bw==

"@supabase/postgrest-js@2.101.0":
  version "2.101.0"
  resolved "https://registry.yarnpkg.com/@supabase/postgrest-js/-/postgrest-js-2.101.0.tgz#12e4f30cbac1cf76a1f5ee1c379bbea93804a3dd"
  integrity sha512-CJVsIdzRkEwH5F1NAwVq/Ewh0T/LpEpYro5hQKhfRqtZ6ghUnH0TCaA4PgyCCSWjESTqAuocBmX4ajlVK/1BPg==
  dependencies:
    tslib "2.8.1"

"@supabase/realtime-js@2.101.0":
  version "2.101.0"
  resolved "https://registry.yarnpkg.com/@supabase/realtime-js/-/realtime-js-2.101.0.tgz#b3d36bb06ea1fc421330a789ab107f2e761904d4"
  integrity sha512-Y2sSZhP8QtIukIJEAUPavP5LPmAKVwyuZqdAua68ECFoqiFxNZFCaxglzaeEaSg22rba9TN83n+tnP5gnQuQrg==
  dependencies:
    "@supabase/phoenix" "^0.4.0"
    "@types/ws" "^8.18.1"
    tslib "2.8.1"
    ws "^8.18.2"

"@supabase/storage-js@2.101.0":
  version "2.101.0"
  resolved "https://registry.yarnpkg.com/@supabase/storage-js/-/storage-js-2.101.0.tgz#962e17c2b84e132098ae8f0e626d41d82dc9cc55"
  integrity sha512-bFw/kBR4bfOGc2L6DjD+mC+dDsEurvQXg+QVcbFg0uDFiSREfUjjwSUtz+pkLFuu75Uy1/KzHzB2L+WpoJ9fCA==
  dependencies:
    iceberg-js "^0.8.1"
    tslib "2.8.1"

"@supabase/supabase-js@^2.101.0":
  version "2.101.0"
  resolved "https://registry.yarnpkg.com/@supabase/supabase-js/-/supabase-js-2.101.0.tgz#c860623b4cdc54cc0da504611ab8b4dce2b68eb9"
  integrity sha512-SIFrI4Fqny+dlUNkzXQjLP6HOxTPjmEPjZc1C4MCL/naeBKNJc+h/ExxkOtGcY8nDt6BZmVSB7Hb4PSzVEUWKg==
  dependencies:
    "@supabase/auth-js" "2.101.0"
    "@supabase/functions-js" "2.101.0"
    "@supabase/postgrest-js" "2.101.0"
    "@supabase/realtime-js" "2.101.0"
    "@supabase/storage-js" "2.101.0"

"@types/node@*":
  version "25.5.0"
  resolved "https://registry.yarnpkg.com/@types/node/-/node-25.5.0.tgz#5c99f37c443d9ccc4985866913f1ed364217da31"
  integrity sha512-jp2P3tQMSxWugkCUKLRPVUpGaL5MVFwF8RDuSRztfwgN1wmqJeMSbKlnEtQqU8UrhTmzEmZdu2I6v2dpp7XIxw==
  dependencies:
    undici-types "~7.18.0"

"@types/ws@^8.18.1":
  version "8.18.1"
  resolved "https://registry.yarnpkg.com/@types/ws/-/ws-8.18.1.tgz#48464e4bf2ddfd17db13d845467f6070ffea4aa9"
  integrity sha512-ThVF6DCVhA8kUGy+aazFQ4kXQ7E1Ty7A3ypFOe0IcJV8O/M511G99AW24irKrW56Wt44yG9+ij8FaqoBGkuBXg==
  dependencies:
    "@types/node" "*"

iceberg-js@^0.8.1:
  version "0.8.1"
  resolved "https://registry.yarnpkg.com/iceberg-js/-/iceberg-js-0.8.1.tgz#47d893468293a010385e1c70123f29d0fc1d9912"
  integrity sha512-1dhVQZXhcHje7798IVM+xoo/1ZdVfzOMIc8/rgVSijRK38EDqOJoGula9N/8ZI5RD8QTxNQtK/Gozpr+qUqRRA==

tslib@2.8.1:
  version "2.8.1"
  resolved "https://registry.yarnpkg.com/tslib/-/tslib-2.8.1.tgz#612efe4ed235d567e8aba5f2a5fab70280ade83f"
  integrity sha512-oJFu94HQb+KVduSUQL7wnpmqnfmLsOA/nAh6b6EH0wCEoK0/mPeXU6c3wKDV83MkOuHPRHtSXKKU99IBazS/2w==

undici-types@~7.18.0:
  version "7.18.2"
  resolved "https://registry.yarnpkg.com/undici-types/-/undici-types-7.18.2.tgz#29357a89e7b7ca4aef3bf0fd3fd0cd73884229e9"
  integrity sha512-AsuCzffGHJybSaRrmr5eHr81mwJU3kjw6M+uprWvCXiNeN9SOGwQ3Jn8jb8m3Z6izVgknn1R0FTCEAP2QrLY/w==

ws@^8.18.2:
  version "8.20.0"
  resolved "https://registry.yarnpkg.com/ws/-/ws-8.20.0.tgz#4cd9532358eba60bc863aad1623dfb045a4d4af8"
  integrity sha512-sAt8BhgNbzCtgGbt2OxmpuryO63ZoDk/sqaB/znQm94T4fCEsy/yV+7CdC1kJhOU9lboAEU7R3kquuycDoibVA==
